// !$*UTF8*$!
{
	archiveVersion = 1;
	classes = {
	};
	objectVersion = 50;
	objects = {

/* Begin PBXBuildFile section */
		57F3D7162398FA37008C5B18 /* AppDelegate.swift in Sources */ = {isa = PBXBuildFile; fileRef = 57F3D7152398FA37008C5B18 /* AppDelegate.swift */; };
		57F3D7182398FA37008C5B18 /* SceneDelegate.swift in Sources */ = {isa = PBXBuildFile; fileRef = 57F3D7172398FA37008C5B18 /* SceneDelegate.swift */; };
		57F3D71A2398FA37008C5B18 /* ContentView.swift in Sources */ = {isa = PBXBuildFile; fileRef = 57F3D7192398FA37008C5B18 /* ContentView.swift */; };
		57F3D71C2398FA3A008C5B18 /* Assets.xcassets in Resources */ = {isa = PBXBuildFile; fileRef = 57F3D71B2398FA3A008C5B18 /* Assets.xcassets */; };
		57F3D71F2398FA3A008C5B18 /* Preview Assets.xcassets in Resources */ = {isa = PBXBuildFile; fileRef = 57F3D71E2398FA3A008C5B18 /* Preview Assets.xcassets */; };
		57F3D7222398FA3A008C5B18 /* LaunchScreen.storyboard in Resources */ = {isa = PBXBuildFile; fileRef = 57F3D7202398FA3A008C5B18 /* LaunchScreen.storyboard */; };
		57F3D72C2398FB92008C5B18 /* SubjectData.swift in Sources */ = {isa = PBXBuildFile; fileRef = 57F3D72B2398FB92008C5B18 /* SubjectData.swift */; };
		57F3D72E2398FBAE008C5B18 /* Subject.swift in Sources */ = {isa = PBXBuildFile; fileRef = 57F3D72D2398FBAE008C5B18 /* Subject.swift */; };
		57F3D7302398FFD5008C5B18 /* SubjectList.swift in Sources */ = {isa = PBXBuildFile; fileRef = 57F3D72F2398FFD5008C5B18 /* SubjectList.swift */; };
		57F3D732239900D5008C5B18 /* SubjectRow.swift in Sources */ = {isa = PBXBuildFile; fileRef = 57F3D731239900D5008C5B18 /* SubjectRow.swift */; };
		57F3D73423990340008C5B18 /* AppView.swift in Sources */ = {isa = PBXBuildFile; fileRef = 57F3D73323990340008C5B18 /* AppView.swift */; };
		57F3D736239903A7008C5B18 /* SubjectEditor.swift in Sources */ = {isa = PBXBuildFile; fileRef = 57F3D735239903A7008C5B18 /* SubjectEditor.swift */; };
		57F3D7382399054B008C5B18 /* PieChart.swift in Sources */ = {isa = PBXBuildFile; fileRef = 57F3D7372399054B008C5B18 /* PieChart.swift */; };
		57F3D73A239905E8008C5B18 /* CircleChart.swift in Sources */ = {isa = PBXBuildFile; fileRef = 57F3D739239905E8008C5B18 /* CircleChart.swift */; };
		57F3D73C239907D3008C5B18 /* ChartView.swift in Sources */ = {isa = PBXBuildFile; fileRef = 57F3D73B239907D3008C5B18 /* ChartView.swift */; };
/* End PBXBuildFile section */

/* Begin PBXFileReference section */
		57F3D7122398FA37008C5B18 /* 00657131_app3.app */ = {isa = PBXFileReference; explicitFileType = wrapper.application; includeInIndex = 0; path = 00657131_app3.app; sourceTree = BUILT_PRODUCTS_DIR; };
		57F3D7152398FA37008C5B18 /* AppDelegate.swift */ = {isa = PBXFileReference; lastKnownFileType = sourcecode.swift; path = AppDelegate.swift; sourceTree = "<group>"; };
		57F3D7172398FA37008C5B18 /* SceneDelegate.swift */ = {isa = PBXFileReference; lastKnownFileType = sourcecode.swift; path = SceneDelegate.swift; sourceTree = "<group>"; };
		57F3D7192398FA37008C5B18 /* ContentView.swift */ = {isa = PBXFileReference; lastKnownFileType = sourcecode.swift; path = ContentView.swift; sourceTree = "<group>"; };
		57F3D71B2398FA3A008C5B18 /* Assets.xcassets */ = {isa = PBXFileReference; lastKnownFileType = folder.assetcatalog; path = Assets.xcassets; sourceTree = "<group>"; };
		57F3D71E2398FA3A008C5B18 /* Preview Assets.xcassets */ = {isa = PBXFileReference; lastKnownFileType = folder.assetcatalog; path = "Preview Assets.xcassets"; sourceTree = "<group>"; };
		57F3D7212398FA3A008C5B18 /* Base */ = {isa = PBXFileReference; lastKnownFileType = file.storyboard; name = Base; path = Base.lproj/LaunchScreen.storyboard; sourceTree = "<group>"; };
		57F3D7232398FA3A008C5B18 /* Info.plist */ = {isa = PBXFileReference; lastKnownFileType = text.plist.xml; path = Info.plist; sourceTree = "<group>"; };
		57F3D72B2398FB92008C5B18 /* SubjectData.swift */ = {isa = PBXFileReference; lastKnownFileType = sourcecode.swift; path = SubjectData.swift; sourceTree = "<group>"; };
		57F3D72D2398FBAE008C5B18 /* Subject.swift */ = {isa = PBXFileReference; lastKnownFileType = sourcecode.swift; path = Subject.swift; sourceTree = "<group>"; };
		57F3D72F2398FFD5008C5B18 /* SubjectList.swift */ = {isa = PBXFileReference; lastKnownFileType = sourcecode.swift; path = SubjectList.swift; sourceTree = "<group>"; };
		57F3D731239900D5008C5B18 /* SubjectRow.swift */ = {isa = PBXFileReference; lastKnownFileType = sourcecode.swift; path = SubjectRow.swift; sourceTree = "<group>"; };
		57F3D73323990340008C5B18 /* AppView.swift */ = {isa = PBXFileReference; lastKnownFileType = sourcecode.swift; path = AppView.swift; sourceTree = "<group>"; };
		57F3D735239903A7008C5B18 /* SubjectEditor.swift */ = {isa = PBXFileReference; lastKnownFileType = sourcecode.swift; path = SubjectEditor.swift; sourceTree = "<group>"; };
		57F3D7372399054B008C5B18 /* PieChart.swift */ = {isa = PBXFileReference; lastKnownFileType = sourcecode.swift; path = PieChart.swift; sourceTree = "<group>"; };
		57F3D739239905E8008C5B18 /* CircleChart.swift */ = {isa = PBXFileReference; lastKnownFileType = sourcecode.swift; path = CircleChart.swift; sourceTree = "<group>"; };
		57F3D73B239907D3008C5B18 /* ChartView.swift */ = {isa = PBXFileReference; lastKnownFileType = sourcecode.swift; path = ChartView.swift; sourceTree = "<group>"; };
/* End PBXFileReference section */

/* Begin PBXFrameworksBuildPhase section */
		57F3D70F2398FA37008C5B18 /* Frameworks */ = {
			isa = PBXFrameworksBuildPhase;
			buildActionMask = 2147483647;
			files = (
			);
			runOnlyForDeploymentPostprocessing = 0;
		};
/* End PBXFrameworksBuildPhase section */

/* Begin PBXGroup section */
		57F3D7092398FA37008C5B18 = {
			isa = PBXGroup;
			children = (
				57F3D7142398FA37008C5B18 /* 00657131_app3 */,
				57F3D7132398FA37008C5B18 /* Products */,
			);
			sourceTree = "<group>";
		};
		57F3D7132398FA37008C5B18 /* Products */ = {
			isa = PBXGroup;
			children = (
				57F3D7122398FA37008C5B18 /* 00657131_app3.app */,
			);
			name = Products;
			sourceTree = "<group>";
		};
		57F3D7142398FA37008C5B18 /* 00657131_app3 */ = {
			isa = PBXGroup;
			children = (
				57F3D72D2398FBAE008C5B18 /* Subject.swift */,
				57F3D72B2398FB92008C5B18 /* SubjectData.swift */,
				57F3D72F2398FFD5008C5B18 /* SubjectList.swift */,
				57F3D731239900D5008C5B18 /* SubjectRow.swift */,
				57F3D7152398FA37008C5B18 /* AppDelegate.swift */,
				57F3D7172398FA37008C5B18 /* SceneDelegate.swift */,
				57F3D7192398FA37008C5B18 /* ContentView.swift */,
				57F3D73323990340008C5B18 /* AppView.swift */,
				57F3D735239903A7008C5B18 /* SubjectEditor.swift */,
				57F3D7372399054B008C5B18 /* PieChart.swift */,
				57F3D739239905E8008C5B18 /* CircleChart.swift */,
				57F3D73B239907D3008C5B18 /* ChartView.swift */,
				57F3D71B2398FA3A008C5B18 /* Assets.xcassets */,
				57F3D7202398FA3A008C5B18 /* LaunchScreen.storyboard */,
				57F3D7232398FA3A008C5B18 /* Info.plist */,
				57F3D71D2398FA3A008C5B18 /* Preview Content */,
			);
			path = 00657131_app3;
			sourceTree = "<group>";
		};
		57F3D71D2398FA3A008C5B18 /* Preview Content */ = {
			isa = PBXGroup;
			children = (
				57F3D71E2398FA3A008C5B18 /* Preview Assets.xcassets */,
			);
			path = "Preview Content";
			sourceTree = "<group>";
		};
/* End PBXGroup section */

/* Begin PBXNativeTarget section */
		57F3D7112398FA37008C5B18 /* 00657131_app3 */ = {
			isa = PBXNativeTarget;
			buildConfigurationList = 57F3D7262398FA3A008C5B18 /* Build configuration list for PBXNativeTarget "00657131_app3" */;
			buildPhases = (
				57F3D70E2398FA37008C5B18 /* Sources */,
				57F3D70F2398FA37008C5B18 /* Frameworks */,
				57F3D7102398FA37008C5B18 /* Resources */,
			);
			buildRules = (
			);
			dependencies = (
			);
			name = 00657131_app3;
			productName = 00657131_app3;
			productReference = 57F3D7122398FA37008C5B18 /* 00657131_app3.app */;
			productType = "com.apple.product-type.application";
		};
/* End PBXNativeTarget section */

/* Begin PBXProject section */
		57F3D70A2398FA37008C5B18 /* Project object */ = {
			isa = PBXProject;
			attributes = {
				LastSwiftUpdateCheck = 1110;
				LastUpgradeCheck = 1110;
				ORGANIZATIONNAME = User07;
				TargetAttributes = {
					57F3D7112398FA37008C5B18 = {
						CreatedOnToolsVersion = 11.1;
					};
				};
			};
			buildConfigurationList = 57F3D70D2398FA37008C5B18 /* Build configuration list for PBXProject "00657131_app3" */;
			compatibilityVersion = "Xcode 9.3";
			developmentRegion = en;
			hasScannedForEncodings = 0;
			knownRegions = (
				en,
				Base,
			);
			mainGroup = 57F3D7092398FA37008C5B18;
			productRefGroup = 57F3D7132398FA37008C5B18 /* Products */;
			projectDirPath = "";
			projectRoot = "";
			targets = (
				57F3D7112398FA37008C5B18 /* 00657131_app3 */,
			);
		};
/* End PBXProject section */

/* Begin PBXResourcesBuildPhase section */
		57F3D7102398FA37008C5B18 /* Resources */ = {
			isa = PBXResourcesBuildPhase;
			buildActionMask = 2147483647;
			files = (
				57F3D7222398FA3A008C5B18 /* LaunchScreen.storyboard in Resources */,
				57F3D71F2398FA3A008C5B18 /* Preview Assets.xcassets in Resources */,
				57F3D71C2398FA3A008C5B18 /* Assets.xcassets in Resources */,
			);
			runOnlyForDeploymentPostprocessing = 0;
		};
/* End PBXResourcesBuildPhase section */

/* Begin PBXSourcesBuildPhase section */
		57F3D70E2398FA37008C5B18 /* Sources */ = {
			isa = PBXSourcesBuildPhase;
			buildActionMask = 2147483647;
			files = (
				57F3D7302398FFD5008C5B18 /* SubjectList.swift in Sources */,
				57F3D73A239905E8008C5B18 /* CircleChart.swift in Sources */,
				57F3D7162398FA37008C5B18 /* AppDelegate.swift in Sources */,
				57F3D736239903A7008C5B18 /* SubjectEditor.swift in Sources */,
				57F3D72E2398FBAE008C5B18 /* Subject.swift in Sources */,
				57F3D72C2398FB92008C5B18 /* SubjectData.swift in Sources */,
				57F3D73423990340008C5B18 /* AppView.swift in Sources */,
				57F3D7182398FA37008C5B18 /* SceneDelegate.swift in Sources */,
				57F3D71A2398FA37008C5B18 /* ContentView.swift in Sources */,
				57F3D732239900D5008C5B18 /* SubjectRow.swift in Sources */,
				57F3D7382399054B008C5B18 /* PieChart.swift in Sources */,
				57F3D73C239907D3008C5B18 /* ChartView.swift in Sources */,
			);
			runOnlyForDeploymentPostprocessing = 0;
		};
/* End PBXSourcesBuildPhase section */

/* Begin PBXVariantGroup section */
		57F3D7202398FA3A008C5B18 /* LaunchScreen.storyboard */ = {
			isa = PBXVariantGroup;
			children = (
				57F3D7212398FA3A008C5B18 /* Base */,
			);
			name = LaunchScreen.storyboard;
			sourceTree = "<group>";
		};
/* End PBXVariantGroup section */

/* Begin XCBuildConfiguration section */
		57F3D7242398FA3A008C5B18 /* Debug */ = {
			isa = XCBuildConfiguration;
			buildSettings = {
				ALWAYS_SEARCH_USER_PATHS = NO;
				CLANG_ANALYZER_NONNULL = YES;
				CLANG_ANALYZER_NUMBER_OBJECT_CONVERSION = YES_AGGRESSIVE;
				CLANG_CXX_LANGUAGE_STANDARD = "gnu++14";
				CLANG_CXX_LIBRARY = "libc++";
				CLANG_ENABLE_MODULES = YES;
				CLANG_ENABLE_OBJC_ARC = YES;
				CLANG_ENABLE_OBJC_WEAK = YES;
				CLANG_WARN_BLOCK_CAPTURE_AUTORELEASING = YES;
				CLANG_WARN_BOOL_CONVERSION = YES;
				CLANG_WARN_COMMA = YES;
				CLANG_WARN_CONSTANT_CONVERSION = YES;
				CLANG_WARN_DEPRECATED_OBJC_IMPLEMENTATIONS = YES;
				CLANG_WARN_DIRECT_OBJC_ISA_USAGE = YES_ERROR;
				CLANG_WARN_DOCUMENTATION_COMMENTS = YES;
				CLANG_WARN_EMPTY_BODY = YES;
				CLANG_WARN_ENUM_CONVERSION = YES;
				CLANG_WARN_INFINITE_RECURSION = YES;
				CLANG_WARN_INT_CONVERSION = YES;
				CLANG_WARN_NON_LITERAL_NULL_CONVERSION = YES;
				CLANG_WARN_OBJC_IMPLICIT_RETAIN_SELF = YES;
				CLANG_WARN_OBJC_LITERAL_CONVERSION = YES;
				CLANG_WARN_OBJC_ROOT_CLASS = YES_ERROR;
				CLANG_WARN_RANGE_LOOP_ANALYSIS = YES;
				CLANG_WARN_STRICT_PROTOTYPES = YES;
				CLANG_WARN_SUSPICIOUS_MOVE = YES;
				CLANG_WARN_UNGUARDED_AVAILABILITY = YES_AGGRESSIVE;
				CLANG_WARN_UNREACHABLE_CODE = YES;
				CLANG_WARN__DUPLICATE_METHOD_MATCH = YES;
				COPY_PHASE_STRIP = NO;
				DEBUG_INFORMATION_FORMAT = dwarf;
				ENABLE_STRICT_OBJC_MSGSEND = YES;
				ENABLE_TESTABILITY = YES;
				GCC_C_LANGUAGE_STANDARD = gnu11;
				GCC_DYNAMIC_NO_PIC = NO;
				GCC_NO_COMMON_BLOCKS = YES;
				GCC_OPTIMIZATION_LEVEL = 0;
				GCC_PREPROCESSOR_DEFINITIONS = (
					"DEBUG=1",
					"$(inherited)",
				);
				GCC_WARN_64_TO_32_BIT_CONVERSION = YES;
				GCC_WARN_ABOUT_RETURN_TYPE = YES_ERROR;
				GCC_WARN_UNDECLARED_SELECTOR = YES;
				GCC_WARN_UNINITIALIZED_AUTOS = YES_AGGRESSIVE;
				GCC_WARN_UNUSED_FUNCTION = YES;
				GCC_WARN_UNUSED_VARIABLE = YES;
				IPHONEOS_DEPLOYMENT_TARGET = 13.1;
				MTL_ENABLE_DEBUG_INFO = INCLUDE_SOURCE;
				MTL_FAST_MATH = YES;
				ONLY_ACTIVE_ARCH = YES;
				SDKROOT = iphoneos;
				SWIFT_ACTIVE_COMPILATION_CONDITIONS = DEBUG;
				SWIFT_OPTIMIZATION_LEVEL = "-Onone";
			};
			name = Debug;
		};
		57F3D7252398FA3A008C5B18 /* Release */ = {
			isa = XCBuildConfiguration;
			buildSettings = {
				ALWAYS_SEARCH_USER_PATHS = NO;
				CLANG_ANALYZER_NONNULL = YES;
				CLANG_ANALYZER_NUMBER_OBJECT_CONVERSION = YES_AGGRESSIVE;
				CLANG_CXX_LANGUAGE_STANDARD = "gnu++14";
				CLANG_CXX_LIBRARY = "libc++";
				CLANG_ENABLE_MODULES = YES;
				CLANG_ENABLE_OBJC_ARC = YES;
				CLANG_ENABLE_OBJC_WEAK = YES;
				CLANG_WARN_BLOCK_CAPTURE_AUTORELEASING = YES;
				CLANG_WARN_BOOL_CONVERSION = YES;
				CLANG_WARN_COMMA = YES;
				CLANG_WARN_CONSTANT_CONVERSION = YES;
				CLANG_WARN_DEPRECATED_OBJC_IMPLEMENTATIONS = YES;
				CLANG_WARN_DIRECT_OBJC_ISA_USAGE = YES_ERROR;
				CLANG_WARN_DOCUMENTATION_COMMENTS = YES;
				CLANG_WARN_EMPTY_BODY = YES;
				CLANG_WARN_ENUM_CONVERSION = YES;
				CLANG_WARN_INFINITE_RECURSION = YES;
				CLANG_WARN_INT_CONVERSION = YES;
				CLANG_WARN_NON_LITERAL_NULL_CONVERSION = YES;
				CLANG_WARN_OBJC_IMPLICIT_RETAIN_SELF = YES;
				CLANG_WARN_OBJC_LITERAL_CONVERSION = YES;
				CLANG_WARN_OBJC_ROOT_CLASS = YES_ERROR;
				CLANG_WARN_RANGE_LOOP_ANALYSIS = YES;
				CLANG_WARN_STRICT_PROTOTYPES = YES;
				CLANG_WARN_SUSPICIOUS_MOVE = YES;
				CLANG_WARN_UNGUARDED_AVAILABILITY = YES_AGGRESSIVE;
				CLANG_WARN_UNREACHABLE_CODE = YES;
				CLANG_WARN__DUPLICATE_METHOD_MATCH = YES;
				COPY_PHASE_STRIP = NO;
				DEBUG_INFORMATION_FORMAT = "dwarf-with-dsym";
				ENABLE_NS_ASSERTIONS = NO;
				ENABLE_STRICT_OBJC_MSGSEND = YES;
				GCC_C_LANGUAGE_STANDARD = gnu11;
				GCC_NO_COMMON_BLOCKS = YES;
				GCC_WARN_64_TO_32_BIT_CONVERSION = YES;
				GCC_WARN_ABOUT_RETURN_TYPE = YES_ERROR;
				GCC_WARN_UNDECLARED_SELECTOR = YES;
				GCC_WARN_UNINITIALIZED_AUTOS = YES_AGGRESSIVE;
				GCC_WARN_UNUSED_FUNCTION = YES;
				GCC_WARN_UNUSED_VARIABLE = YES;
				IPHONEOS_DEPLOYMENT_TARGET = 13.1;
				MTL_ENABLE_DEBUG_INFO = NO;
				MTL_FAST_MATH = YES;
				SDKROOT = iphoneos;
				SWIFT_COMPILATION_MODE = wholemodule;
				SWIFT_OPTIMIZATION_LEVEL = "-O";
				VALIDATE_PRODUCT = YES;
			};
			name = Release;
		};
		57F3D7272398FA3A008C5B18 /* Debug */ = {
			isa = XCBuildConfiguration;
			buildSettings = {
				ASSETCATALOG_COMPILER_APPICON_NAME = AppIcon;
				CODE_SIGN_STYLE = Automatic;
				DEVELOPMENT_ASSET_PATHS = "\"00657131_app3/Preview Content\"";
				ENABLE_PREVIEWS = YES;
				INFOPLIST_FILE = 00657131_app3/Info.plist;
				LD_RUNPATH_SEARCH_PATHS = (
					"$(inherited)",
					"@executable_path/Frameworks",
				);
				PRODUCT_BUNDLE_IDENTIFIER = "com.micua.-0657131-app3";
				PRODUCT_NAME = "$(TARGET_NAME)";
				SWIFT_VERSION = 5.0;
				TARGETED_DEVICE_FAMILY = "1,2";
			};
			name = Debug;
		};
		57F3D7282398FA3A008C5B18 /* Release */ = {
			isa = XCBuildConfiguration;
			buildSettings = {
				ASSETCATALOG_COMPILER_APPICON_NAME = AppIcon;
				CODE_SIGN_STYLE = Automatic;
				DEVELOPMENT_ASSET_PATHS = "\"00657131_app3/Preview Content\"";
				ENABLE_PREVIEWS = YES;
				INFOPLIST_FILE = 00657131_app3/Info.plist;
				LD_RUNPATH_SEARCH_PATHS = (
					"$(inherited)",
					"@executable_path/Frameworks",
				);
				PRODUCT_BUNDLE_IDENTIFIER = "com.micua.-0657131-app3";
				PRODUCT_NAME = "$(TARGET_NAME)";
				SWIFT_VERSION = 5.0;
				TARGETED_DEVICE_FAMILY = "1,2";
			};
			name = Release;
		};
/* End XCBuildConfiguration section */

/* Begin XCConfigurationList section */
		57F3D70D2398FA37008C5B18 /* Build configuration list for PBXProject "00657131_app3" */ = {
			isa = XCConfigurationList;
			buildConfigurations = (
				57F3D7242398FA3A008C5B18 /* Debug */,
				57F3D7252398FA3A008C5B18 /* Release */,
			);
			defaultConfigurationIsVisible = 0;
			defaultConfigurationName = Release;
		};
		57F3D7262398FA3A008C5B18 /* Build configuration list for PBXNativeTarget "00657131_app3" */ = {
			isa = XCConfigurationList;
			buildConfigurations = (
				57F3D7272398FA3A008C5B18 /* Debug */,
				57F3D7282398FA3A008C5B18 /* Release */,
			);
			defaultConfigurationIsVisible = 0;
			defaultConfigurationName = Release;
		};
/* End XCConfigurationList section */
	};
	rootObject = 57F3D70A2398FA37008C5B18 /* Project object */;
}
